# This file is automatically @generated by Cargo.
# It is not intended for manual editing.
version = 4

[[package]]
name = "bit_field"
version = "0.10.3"
source = "registry+https://github.com/rust-lang/crates.io-index"
checksum = "1e4b40c7323adcfc0a41c4b88143ed58346ff65a288fc144329c5c45e05d70c6"

[[package]]
name = "bitflags"
version = "1.3.2"
source = "registry+https://github.com/rust-lang/crates.io-index"
checksum = "bef38d45163c2f1dde094a7dfd33ccf595c92905c8f8f4fdc18d06fb1037718a"

[[package]]
name = "bitflags"
version = "2.13.0"
source = "registry+https://github.com/rust-lang/crates.io-index"
checksum = "b4388bee8683e3d04af747c73422af53102d2bd24d9eadb6cbc100baef4b43f8"

[[package]]
name = "cc"
version = "1.2.67"
source = "registry+https://github.com/rust-lang/crates.io-index"
checksum = "e17dd265a7d0f31ef544e1b20e03add05d3b45b491b633b10d67145d2acc1a38"
dependencies = [
 "find-msvc-tools",
 "shlex",
]

[[package]]
name = "const_fn"
version = "0.4.12"
source = "registry+https://github.com/rust-lang/crates.io-index"
checksum = "413d67b29ef1021b4d60f4aa1e925ca031751e213832b4b1d588fae623c05c60"

[[package]]
name = "find-msvc-tools"
version = "0.1.9"
source = "registry+https://github.com/rust-lang/crates.io-index"
checksum = "5baebc0774151f905a1a2cc41989300b1e6fbb29aff0ceffa1064fdd3088d582"

[[package]]
name = "hues-async"
version = "0.1.0"

[[package]]
name = "huesos-decoder-fuzz"
version = "0.1.0"
dependencies = [
 "huesos-abi",
]

[[package]]
name = "huesos-extable"
version = "0.1.0"

[[package]]
name = "huesos-handlemove"
version = "0.1.0"

[[package]]
name = "huesos-ioapic"
version = "0.1.0"

[[package]]
name = "huesos-lifecycle"
version = "0.1.0"

[[package]]
name = "huesos-abi"
version = "0.1.0"

[[package]]
name = "huesos-alloc"
version = "0.1.0"

[[package]]
name = "huesos-arch"
version = "0.1.0"
dependencies = [
 "bit_field",
 "bitflags 2.13.0",
 "huesos-ioapic",
 "huesos-pmm",
 "log",
 "pic8259",
 "spin",
 "static_assertions",
 "uart_16550",
 "x86_64",
]

[[package]]
name = "huesos-boot"
version = "0.1.0"
dependencies = [
 "huesos-arch",
 "huesos-kernel",
 "huesos-pmm",
 "limine",
 "log",
]

[[package]]
name = "huesos-elf"
version = "0.1.0"
dependencies = [
 "log",
 "xmas-elf",
]

[[package]]
name = "huesos-fat"
version = "0.1.0"
dependencies = [
 "spin",
]

[[package]]
name = "huesos-fb"
version = "0.1.0"
dependencies = [
 "huesos-abi",
 "spin",
]

[[package]]
name = "huesos-hal"
version = "0.1.0"
dependencies = [
 "huesos-arch",
 "log",
 "spin",
]

[[package]]
name = "huesos-kernel"
version = "0.1.0"
dependencies = [
 "huesos-abi",
 "huesos-alloc",
 "huesos-arch",
 "huesos-elf",
 "huesos-fb",
 "huesos-hal",
 "huesos-object",
 "huesos-pmm",
 "huesos-syscalls",
 "huesos-uacpi",
 "linked_list_allocator",
 "log",
 "spin",
 "x86_64",
]

[[package]]
name = "huesos-object"
version = "0.1.0"
dependencies = [
 "bitflags 2.13.0",
 "huesos-abi",
 "huesos-pmm",
 "huesos-proclife",
 "huesos-quota",
 "log",
 "spin",
]

[[package]]
name = "huesos-nvme"
version = "0.1.0"
dependencies = [
 "hues-async",
]

[[package]]
name = "huesos-pci"
version = "0.1.0"

[[package]]
name = "huesos-proclife"
version = "0.1.0"

[[package]]
name = "huesos-pmm"
version = "0.1.0"
dependencies = [
 "log",
 "spin",
]

[[package]]
name = "huesos-syscalls"
version = "0.1.0"
dependencies = [
 "bitflags 2.13.0",
 "huesos-abi",
 "huesos-arch",
 "huesos-fb",
 "huesos-object",
 "log",
 "spin",
]

[[package]]
name = "huesos-quota"
version = "0.1.0"

[[package]]
name = "huesos-waitset"
version = "0.1.0"

[[package]]
name = "huesos-uacpi"
version = "0.1.0"
dependencies = [
 "cc",
 "huesos-arch",
]

[[package]]
name = "huesos-user-alloc"
version = "0.1.0"

[[package]]
name = "limine"
version = "0.6.5"
source = "registry+https://github.com/rust-lang/crates.io-index"
checksum = "29363c0f37e66e18575fadf7141c56ee7ea04ae5fecbeb25eff303f77af203a9"

[[package]]
name = "linked_list_allocator"
version = "0.10.6"
source = "registry+https://github.com/rust-lang/crates.io-index"
checksum = "2b23ac50abb8261cb38c6e2a7192d3302e0836dac1628f6a93b82b4fad185897"
dependencies = [
 "spinning_top",
]

[[package]]
name = "lock_api"
version = "0.4.14"
source = "registry+https://github.com/rust-lang/crates.io-index"
checksum = "224399e74b87b5f3557511d98dff8b14089b3dadafcab6bb93eab67d3aace965"
dependencies = [
 "scopeguard",
]

[[package]]
name = "log"
version = "0.4.33"
source = "registry+https://github.com/rust-lang/crates.io-index"
checksum = "0ceec5bc11778974d1bcb055b18002eba7f4b3518b6a0081b3af5f21666da9ad"

[[package]]
name = "pic8259"
version = "0.11.0"
source = "registry+https://github.com/rust-lang/crates.io-index"
checksum = "62d9a86c292b165f757e47e7fd66855def189b2564609bc4203727b27c33db22"
dependencies = [
 "x86_64",
]

[[package]]
name = "raw-cpuid"
version = "10.7.0"
source = "registry+https://github.com/rust-lang/crates.io-index"
checksum = "6c297679cb867470fa8c9f67dbba74a78d78e3e98d7cf2b08d6d71540f797332"
dependencies = [
 "bitflags 1.3.2",
]

[[package]]
name = "rustversion"
version = "1.0.22"
source = "registry+https://github.com/rust-lang/crates.io-index"
checksum = "b39cdef0fa800fc44525c84ccb54a029961a8215f9619753635a9c0d2538d46d"

[[package]]
name = "scopeguard"
version = "1.2.0"
source = "registry+https://github.com/rust-lang/crates.io-index"
checksum = "94143f37725109f92c262ed2cf5e59bce7498c01bcc1502d7b9afe439a4e9f49"

[[package]]
name = "shlex"
version = "2.0.1"
source = "registry+https://github.com/rust-lang/crates.io-index"
checksum = "f8fadd59c855ef2080decdef8ff161eb6661b86933c9d82e5ba29dc602a55aba"

[[package]]
name = "spin"
version = "0.9.8"
source = "registry+https://github.com/rust-lang/crates.io-index"
checksum = "6980e8d7511241f8acf4aebddbb1ff938df5eebe98691418c4468d0b72a96a67"
dependencies = [
 "lock_api",
]

[[package]]
name = "spinning_top"
version = "0.2.5"
source = "registry+https://github.com/rust-lang/crates.io-index"
checksum = "5b9eb1a2f4c41445a3a0ff9abc5221c5fcd28e1f13cd7c0397706f9ac938ddb0"
dependencies = [
 "lock_api",
]

[[package]]
name = "static_assertions"
version = "1.1.0"
source = "registry+https://github.com/rust-lang/crates.io-index"
checksum = "a2eb9349b6444b326872e140eb1cf5e7c522154d69e7a0ffb0fb81c06b37543f"

[[package]]
name = "uart_16550"
version = "0.3.2"
source = "registry+https://github.com/rust-lang/crates.io-index"
checksum = "e492212ac378a5e00da953718dafb1340d9fbaf4f27d6f3c5cab03d931d1c049"
dependencies = [
 "bitflags 2.13.0",
 "rustversion",
 "x86",
]

[[package]]
name = "volatile"
version = "0.4.6"
source = "registry+https://github.com/rust-lang/crates.io-index"
checksum = "442887c63f2c839b346c192d047a7c87e73d0689c9157b00b53dcc27dd5ea793"

[[package]]
name = "x86"
version = "0.52.0"
source = "registry+https://github.com/rust-lang/crates.io-index"
checksum = "2781db97787217ad2a2845c396a5efe286f87467a5810836db6d74926e94a385"
dependencies = [
 "bit_field",
 "bitflags 1.3.2",
 "raw-cpuid",
]

[[package]]
name = "x86_64"
version = "0.15.4"
source = "registry+https://github.com/rust-lang/crates.io-index"
checksum = "f7841fa0098ceb15c567d93d3fae292c49e10a7662b4936d5f6a9728594555ba"
dependencies = [
 "bit_field",
 "bitflags 2.13.0",
 "const_fn",
 "rustversion",
 "volatile",
]

[[package]]
name = "xmas-elf"
version = "0.9.1"
source = "registry+https://github.com/rust-lang/crates.io-index"
checksum = "42c49817e78342f7f30a181573d82ff55b88a35f86ccaf07fc64b3008f56d1c6"
dependencies = [
 "zero",
]

[[package]]
name = "zero"
version = "0.1.3"
source = "registry+https://github.com/rust-lang/crates.io-index"
checksum = "2fe21bcc34ca7fe6dd56cc2cb1261ea59d6b93620215aefb5ea6032265527784"
