# This file is automatically @generated by Cargo.
# It is not intended for manual editing.
version = 4

[[package]]
name = "hues-async"
version = "0.1.0"

[[package]]
name = "huesos-abi"
version = "0.1.0"

[[package]]
name = "huesos-blobfs"
version = "0.1.0"

[[package]]
name = "huesos-driver-host-nvme"
version = "0.1.0"
dependencies = [
 "huesos-abi",
 "huesos-nvme",
 "libcanvas",
]

[[package]]
name = "huesos-nvme"
version = "0.1.0"
dependencies = [
 "hues-async",
 "huesos-abi",
]

[[package]]
name = "huesos-scudo"
version = "0.1.0"

[[package]]
name = "libcanvas"
version = "0.1.0"
dependencies = [
 "huesos-abi",
 "huesos-blobfs",
 "huesos-scudo",
]
