# This file is automatically @generated by Cargo.
# It is not intended for manual editing.
version = 4

[[package]]
name = "huesos-abi"
version = "0.1.0"

[[package]]
name = "huesos-driver-manager"
version = "0.1.0"
dependencies = [
 "libcanvas",
]

[[package]]
name = "libcanvas"
version = "0.1.0"
dependencies = [
 "huesos-abi",
]
